// !$*UTF8*$!
{
	archiveVersion = 1;
	classes = {
	};
	objectVersion = 56;
	objects = {

/* Begin PBXBuildFile section */
		205E0B592B7612C000C1474A /* NextMenuViewController.swift in Sources */ = {isa = PBXBuildFile; fileRef = 205E0B582B7612C000C1474A /* NextMenuViewController.swift */; };
		205E0B5B2B76131300C1474A /* MenuCollectionViewCell.swift in Sources */ = {isa = PBXBuildFile; fileRef = 205E0B5A2B76131300C1474A /* MenuCollectionViewCell.swift */; };
		205E0B892B7653BC00C1474A /* CustomStepper.swift in Sources */ = {isa = PBXBuildFile; fileRef = 205E0B882B7653BC00C1474A /* CustomStepper.swift */; };
		205E0B8C2B7653D600C1474A /* SnapKit in Frameworks */ = {isa = PBXBuildFile; productRef = 205E0B8B2B7653D600C1474A /* SnapKit */; };
		205E0B8E2B7653D600C1474A /* SnapKit-Dynamic in Frameworks */ = {isa = PBXBuildFile; productRef = 205E0B8D2B7653D600C1474A /* SnapKit-Dynamic */; };
		205E0B902B76566C00C1474A /* ModelMenuCell.swift in Sources */ = {isa = PBXBuildFile; fileRef = 205E0B8F2B76566C00C1474A /* ModelMenuCell.swift */; };
		205E0B922B7825D700C1474A /* OrderCoffeeViewController.swift in Sources */ = {isa = PBXBuildFile; fileRef = 205E0B912B7825D700C1474A /* OrderCoffeeViewController.swift */; };
		205E0B942B782A3B00C1474A /* OrderCollectionViewCell.swift in Sources */ = {isa = PBXBuildFile; fileRef = 205E0B932B782A3B00C1474A /* OrderCollectionViewCell.swift */; };
		205E0B962B7854C200C1474A /* CustomStepperMenu.swift in Sources */ = {isa = PBXBuildFile; fileRef = 205E0B952B7854C200C1474A /* CustomStepperMenu.swift */; };
		20D28B622B74F71A006CEE52 /* Places.swift in Sources */ = {isa = PBXBuildFile; fileRef = 20D28B612B74F71A006CEE52 /* Places.swift */; };
		20D28B642B74F74C006CEE52 /* PlacesViews.swift in Sources */ = {isa = PBXBuildFile; fileRef = 20D28B632B74F74C006CEE52 /* PlacesViews.swift */; };
		20D28B662B74F81E006CEE52 /* Places.geojson in Resources */ = {isa = PBXBuildFile; fileRef = 20D28B652B74F81E006CEE52 /* Places.geojson */; };
		20DB5E152B7015E8009C10BF /* AppDelegate.swift in Sources */ = {isa = PBXBuildFile; fileRef = 20DB5E142B7015E8009C10BF /* AppDelegate.swift */; };
		20DB5E172B7015E8009C10BF /* SceneDelegate.swift in Sources */ = {isa = PBXBuildFile; fileRef = 20DB5E162B7015E8009C10BF /* SceneDelegate.swift */; };
		20DB5E1E2B7015EA009C10BF /* Assets.xcassets in Resources */ = {isa = PBXBuildFile; fileRef = 20DB5E1D2B7015EA009C10BF /* Assets.xcassets */; };
		20DB5E212B7015EA009C10BF /* LaunchScreen.storyboard in Resources */ = {isa = PBXBuildFile; fileRef = 20DB5E1F2B7015EA009C10BF /* LaunchScreen.storyboard */; };
		20DB5E292B70161E009C10BF /* LoginViewController.swift in Sources */ = {isa = PBXBuildFile; fileRef = 20DB5E282B70161E009C10BF /* LoginViewController.swift */; };
		20DB5E2B2B701730009C10BF /* RegistrationViewController.swift in Sources */ = {isa = PBXBuildFile; fileRef = 20DB5E2A2B701730009C10BF /* RegistrationViewController.swift */; };
		20DB5E2D2B701840009C10BF /* ExtensionUIView.swift in Sources */ = {isa = PBXBuildFile; fileRef = 20DB5E2C2B701840009C10BF /* ExtensionUIView.swift */; };
		20DB5E332B70EC09009C10BF /* Model.swift in Sources */ = {isa = PBXBuildFile; fileRef = 20DB5E322B70EC09009C10BF /* Model.swift */; };
		20DB5E422B70F4BE009C10BF /* NearesCafeViewController.swift in Sources */ = {isa = PBXBuildFile; fileRef = 20DB5E412B70F4BE009C10BF /* NearesCafeViewController.swift */; };
		20DB5E4E2B7227A1009C10BF /* NearesCollectionViewCell.swift in Sources */ = {isa = PBXBuildFile; fileRef = 20DB5E4D2B7227A1009C10BF /* NearesCollectionViewCell.swift */; };
		20DB5E502B72CAC3009C10BF /* MapKitViewController.swift in Sources */ = {isa = PBXBuildFile; fileRef = 20DB5E4F2B72CAC3009C10BF /* MapKitViewController.swift */; };
/* End PBXBuildFile section */

/* Begin PBXFileReference section */
		205E0B582B7612C000C1474A /* NextMenuViewController.swift */ = {isa = PBXFileReference; lastKnownFileType = sourcecode.swift; path = NextMenuViewController.swift; sourceTree = "<group>"; };
		205E0B5A2B76131300C1474A /* MenuCollectionViewCell.swift */ = {isa = PBXFileReference; lastKnownFileType = sourcecode.swift; path = MenuCollectionViewCell.swift; sourceTree = "<group>"; };
		205E0B882B7653BC00C1474A /* CustomStepper.swift */ = {isa = PBXFileReference; lastKnownFileType = sourcecode.swift; path = CustomStepper.swift; sourceTree = "<group>"; };
		205E0B8F2B76566C00C1474A /* ModelMenuCell.swift */ = {isa = PBXFileReference; lastKnownFileType = sourcecode.swift; path = ModelMenuCell.swift; sourceTree = "<group>"; };
		205E0B912B7825D700C1474A /* OrderCoffeeViewController.swift */ = {isa = PBXFileReference; lastKnownFileType = sourcecode.swift; path = OrderCoffeeViewController.swift; sourceTree = "<group>"; };
		205E0B932B782A3B00C1474A /* OrderCollectionViewCell.swift */ = {isa = PBXFileReference; lastKnownFileType = sourcecode.swift; path = OrderCollectionViewCell.swift; sourceTree = "<group>"; };
		205E0B952B7854C200C1474A /* CustomStepperMenu.swift */ = {isa = PBXFileReference; lastKnownFileType = sourcecode.swift; path = CustomStepperMenu.swift; sourceTree = "<group>"; };
		20D28B612B74F71A006CEE52 /* Places.swift */ = {isa = PBXFileReference; lastKnownFileType = sourcecode.swift; path = Places.swift; sourceTree = "<group>"; };
		20D28B632B74F74C006CEE52 /* PlacesViews.swift */ = {isa = PBXFileReference; lastKnownFileType = sourcecode.swift; path = PlacesViews.swift; sourceTree = "<group>"; };
		20D28B652B74F81E006CEE52 /* Places.geojson */ = {isa = PBXFileReference; lastKnownFileType = text; path = Places.geojson; sourceTree = "<group>"; };
		20DB5E112B7015E8009C10BF /* SevenWindsStudio.app */ = {isa = PBXFileReference; explicitFileType = wrapper.application; includeInIndex = 0; path = SevenWindsStudio.app; sourceTree = BUILT_PRODUCTS_DIR; };
		20DB5E142B7015E8009C10BF /* AppDelegate.swift */ = {isa = PBXFileReference; lastKnownFileType = sourcecode.swift; path = AppDelegate.swift; sourceTree = "<group>"; };
		20DB5E162B7015E8009C10BF /* SceneDelegate.swift */ = {isa = PBXFileReference; lastKnownFileType = sourcecode.swift; path = SceneDelegate.swift; sourceTree = "<group>"; };
		20DB5E1D2B7015EA009C10BF /* Assets.xcassets */ = {isa = PBXFileReference; lastKnownFileType = folder.assetcatalog; path = Assets.xcassets; sourceTree = "<group>"; };
		20DB5E202B7015EA009C10BF /* Base */ = {isa = PBXFileReference; lastKnownFileType = file.storyboard; name = Base; path = Base.lproj/LaunchScreen.storyboard; sourceTree = "<group>"; };
		20DB5E222B7015EA009C10BF /* Info.plist */ = {isa = PBXFileReference; lastKnownFileType = text.plist.xml; path = Info.plist; sourceTree = "<group>"; };
		20DB5E282B70161E009C10BF /* LoginViewController.swift */ = {isa = PBXFileReference; lastKnownFileType = sourcecode.swift; path = LoginViewController.swift; sourceTree = "<group>"; };
		20DB5E2A2B701730009C10BF /* RegistrationViewController.swift */ = {isa = PBXFileReference; lastKnownFileType = sourcecode.swift; path = RegistrationViewController.swift; sourceTree = "<group>"; };
		20DB5E2C2B701840009C10BF /* ExtensionUIView.swift */ = {isa = PBXFileReference; lastKnownFileType = sourcecode.swift; path = ExtensionUIView.swift; sourceTree = "<group>"; };
		20DB5E322B70EC09009C10BF /* Model.swift */ = {isa = PBXFileReference; lastKnownFileType = sourcecode.swift; path = Model.swift; sourceTree = "<group>"; };
		20DB5E412B70F4BE009C10BF /* NearesCafeViewController.swift */ = {isa = PBXFileReference; lastKnownFileType = sourcecode.swift; path = NearesCafeViewController.swift; sourceTree = "<group>"; };
		20DB5E4D2B7227A1009C10BF /* NearesCollectionViewCell.swift */ = {isa = PBXFileReference; lastKnownFileType = sourcecode.swift; path = NearesCollectionViewCell.swift; sourceTree = "<group>"; };
		20DB5E4F2B72CAC3009C10BF /* MapKitViewController.swift */ = {isa = PBXFileReference; lastKnownFileType = sourcecode.swift; path = MapKitViewController.swift; sourceTree = "<group>"; };
/* End PBXFileReference section */

/* Begin PBXFrameworksBuildPhase section */
		20DB5E0E2B7015E8009C10BF /* Frameworks */ = {
			isa = PBXFrameworksBuildPhase;
			buildActionMask = 2147483647;
			files = (
				205E0B8C2B7653D600C1474A /* SnapKit in Frameworks */,
				205E0B8E2B7653D600C1474A /* SnapKit-Dynamic in Frameworks */,
			);
			runOnlyForDeploymentPostprocessing = 0;
		};
/* End PBXFrameworksBuildPhase section */

/* Begin PBXGroup section */
		205E0B852B76536E00C1474A /* CustomStepper */ = {
			isa = PBXGroup;
			children = (
				205E0B882B7653BC00C1474A /* CustomStepper.swift */,
				205E0B952B7854C200C1474A /* CustomStepperMenu.swift */,
			);
			path = CustomStepper;
			sourceTree = "<group>";
		};
		20D28B672B74F86D006CEE52 /* ViewsMapKit */ = {
			isa = PBXGroup;
			children = (
				20D28B632B74F74C006CEE52 /* PlacesViews.swift */,
			);
			path = ViewsMapKit;
			sourceTree = "<group>";
		};
		20DB5E082B7015E8009C10BF = {
			isa = PBXGroup;
			children = (
				20DB5E132B7015E8009C10BF /* SevenWindsStudio */,
				20DB5E122B7015E8009C10BF /* Products */,
			);
			sourceTree = "<group>";
		};
		20DB5E122B7015E8009C10BF /* Products */ = {
			isa = PBXGroup;
			children = (
				20DB5E112B7015E8009C10BF /* SevenWindsStudio.app */,
			);
			name = Products;
			sourceTree = "<group>";
		};
		20DB5E132B7015E8009C10BF /* SevenWindsStudio */ = {
			isa = PBXGroup;
			children = (
				205E0B852B76536E00C1474A /* CustomStepper */,
				20DB5E512B72D849009C10BF /* Cell */,
				20DB5E372B70ED8B009C10BF /* Extension */,
				20DB5E362B70ED79009C10BF /* Controllers */,
				20D28B672B74F86D006CEE52 /* ViewsMapKit */,
				20DB5E352B70ED67009C10BF /* Model */,
				20D28B652B74F81E006CEE52 /* Places.geojson */,
				20DB5E342B70ED4D009C10BF /* Application */,
				20DB5E222B7015EA009C10BF /* Info.plist */,
			);
			path = SevenWindsStudio;
			sourceTree = "<group>";
		};
		20DB5E342B70ED4D009C10BF /* Application */ = {
			isa = PBXGroup;
			children = (
				20DB5E142B7015E8009C10BF /* AppDelegate.swift */,
				20DB5E162B7015E8009C10BF /* SceneDelegate.swift */,
				20DB5E1D2B7015EA009C10BF /* Assets.xcassets */,
				20DB5E1F2B7015EA009C10BF /* LaunchScreen.storyboard */,
			);
			path = Application;
			sourceTree = "<group>";
		};
		20DB5E352B70ED67009C10BF /* Model */ = {
			isa = PBXGroup;
			children = (
				20DB5E322B70EC09009C10BF /* Model.swift */,
				20D28B612B74F71A006CEE52 /* Places.swift */,
				205E0B8F2B76566C00C1474A /* ModelMenuCell.swift */,
			);
			path = Model;
			sourceTree = "<group>";
		};
		20DB5E362B70ED79009C10BF /* Controllers */ = {
			isa = PBXGroup;
			children = (
				20DB5E282B70161E009C10BF /* LoginViewController.swift */,
				20DB5E2A2B701730009C10BF /* RegistrationViewController.swift */,
				20DB5E412B70F4BE009C10BF /* NearesCafeViewController.swift */,
				20DB5E4F2B72CAC3009C10BF /* MapKitViewController.swift */,
				205E0B582B7612C000C1474A /* NextMenuViewController.swift */,
				205E0B912B7825D700C1474A /* OrderCoffeeViewController.swift */,
			);
			path = Controllers;
			sourceTree = "<group>";
		};
		20DB5E372B70ED8B009C10BF /* Extension */ = {
			isa = PBXGroup;
			children = (
				20DB5E2C2B701840009C10BF /* ExtensionUIView.swift */,
			);
			path = Extension;
			sourceTree = "<group>";
		};
		20DB5E512B72D849009C10BF /* Cell */ = {
			isa = PBXGroup;
			children = (
				20DB5E4D2B7227A1009C10BF /* NearesCollectionViewCell.swift */,
				205E0B5A2B76131300C1474A /* MenuCollectionViewCell.swift */,
				205E0B932B782A3B00C1474A /* OrderCollectionViewCell.swift */,
			);
			path = Cell;
			sourceTree = "<group>";
		};
/* End PBXGroup section */

/* Begin PBXNativeTarget section */
		20DB5E102B7015E8009C10BF /* SevenWindsStudio */ = {
			isa = PBXNativeTarget;
			buildConfigurationList = 20DB5E252B7015EA009C10BF /* Build configuration list for PBXNativeTarget "SevenWindsStudio" */;
			buildPhases = (
				20DB5E0D2B7015E8009C10BF /* Sources */,
				20DB5E0E2B7015E8009C10BF /* Frameworks */,
				20DB5E0F2B7015E8009C10BF /* Resources */,
			);
			buildRules = (
			);
			dependencies = (
			);
			name = SevenWindsStudio;
			packageProductDependencies = (
				205E0B8B2B7653D600C1474A /* SnapKit */,
				205E0B8D2B7653D600C1474A /* SnapKit-Dynamic */,
			);
			productName = SevenWindsStudio;
			productReference = 20DB5E112B7015E8009C10BF /* SevenWindsStudio.app */;
			productType = "com.apple.product-type.application";
		};
/* End PBXNativeTarget section */

/* Begin PBXProject section */
		20DB5E092B7015E8009C10BF /* Project object */ = {
			isa = PBXProject;
			attributes = {
				BuildIndependentTargetsInParallel = 1;
				LastSwiftUpdateCheck = 1510;
				LastUpgradeCheck = 1510;
				TargetAttributes = {
					20DB5E102B7015E8009C10BF = {
						CreatedOnToolsVersion = 15.1;
					};
				};
			};
			buildConfigurationList = 20DB5E0C2B7015E8009C10BF /* Build configuration list for PBXProject "SevenWindsStudio" */;
			compatibilityVersion = "Xcode 14.0";
			developmentRegion = en;
			hasScannedForEncodings = 0;
			knownRegions = (
				en,
				Base,
			);
			mainGroup = 20DB5E082B7015E8009C10BF;
			packageReferences = (
				205E0B8A2B7653D600C1474A /* XCRemoteSwiftPackageReference "SnapKit" */,
			);
			productRefGroup = 20DB5E122B7015E8009C10BF /* Products */;
			projectDirPath = "";
			projectRoot = "";
			targets = (
				20DB5E102B7015E8009C10BF /* SevenWindsStudio */,
			);
		};
/* End PBXProject section */

/* Begin PBXResourcesBuildPhase section */
		20DB5E0F2B7015E8009C10BF /* Resources */ = {
			isa = PBXResourcesBuildPhase;
			buildActionMask = 2147483647;
			files = (
				20DB5E212B7015EA009C10BF /* LaunchScreen.storyboard in Resources */,
				20DB5E1E2B7015EA009C10BF /* Assets.xcassets in Resources */,
				20D28B662B74F81E006CEE52 /* Places.geojson in Resources */,
			);
			runOnlyForDeploymentPostprocessing = 0;
		};
/* End PBXResourcesBuildPhase section */

/* Begin PBXSourcesBuildPhase section */
		20DB5E0D2B7015E8009C10BF /* Sources */ = {
			isa = PBXSourcesBuildPhase;
			buildActionMask = 2147483647;
			files = (
				20DB5E292B70161E009C10BF /* LoginViewController.swift in Sources */,
				205E0B942B782A3B00C1474A /* OrderCollectionViewCell.swift in Sources */,
				205E0B592B7612C000C1474A /* NextMenuViewController.swift in Sources */,
				20DB5E4E2B7227A1009C10BF /* NearesCollectionViewCell.swift in Sources */,
				20DB5E152B7015E8009C10BF /* AppDelegate.swift in Sources */,
				20DB5E2D2B701840009C10BF /* ExtensionUIView.swift in Sources */,
				20DB5E422B70F4BE009C10BF /* NearesCafeViewController.swift in Sources */,
				205E0B5B2B76131300C1474A /* MenuCollectionViewCell.swift in Sources */,
				20D28B622B74F71A006CEE52 /* Places.swift in Sources */,
				205E0B922B7825D700C1474A /* OrderCoffeeViewController.swift in Sources */,
				20DB5E332B70EC09009C10BF /* Model.swift in Sources */,
				205E0B962B7854C200C1474A /* CustomStepperMenu.swift in Sources */,
				20DB5E172B7015E8009C10BF /* SceneDelegate.swift in Sources */,
				20DB5E2B2B701730009C10BF /* RegistrationViewController.swift in Sources */,
				205E0B892B7653BC00C1474A /* CustomStepper.swift in Sources */,
				20D28B642B74F74C006CEE52 /* PlacesViews.swift in Sources */,
				205E0B902B76566C00C1474A /* ModelMenuCell.swift in Sources */,
				20DB5E502B72CAC3009C10BF /* MapKitViewController.swift in Sources */,
			);
			runOnlyForDeploymentPostprocessing = 0;
		};
/* End PBXSourcesBuildPhase section */

/* Begin PBXVariantGroup section */
		20DB5E1F2B7015EA009C10BF /* LaunchScreen.storyboard */ = {
			isa = PBXVariantGroup;
			children = (
				20DB5E202B7015EA009C10BF /* Base */,
			);
			name = LaunchScreen.storyboard;
			sourceTree = "<group>";
		};
/* End PBXVariantGroup section */

/* Begin XCBuildConfiguration section */
		20DB5E232B7015EA009C10BF /* Debug */ = {
			isa = XCBuildConfiguration;
			buildSettings = {
				ALWAYS_SEARCH_USER_PATHS = NO;
				ASSETCATALOG_COMPILER_GENERATE_SWIFT_ASSET_SYMBOL_EXTENSIONS = YES;
				CLANG_ANALYZER_NONNULL = YES;
				CLANG_ANALYZER_NUMBER_OBJECT_CONVERSION = YES_AGGRESSIVE;
				CLANG_CXX_LANGUAGE_STANDARD = "gnu++20";
				CLANG_ENABLE_MODULES = YES;
				CLANG_ENABLE_OBJC_ARC = YES;
				CLANG_ENABLE_OBJC_WEAK = YES;
				CLANG_WARN_BLOCK_CAPTURE_AUTORELEASING = YES;
				CLANG_WARN_BOOL_CONVERSION = YES;
				CLANG_WARN_COMMA = YES;
				CLANG_WARN_CONSTANT_CONVERSION = YES;
				CLANG_WARN_DEPRECATED_OBJC_IMPLEMENTATIONS = YES;
				CLANG_WARN_DIRECT_OBJC_ISA_USAGE = YES_ERROR;
				CLANG_WARN_DOCUMENTATION_COMMENTS = YES;
				CLANG_WARN_EMPTY_BODY = YES;
				CLANG_WARN_ENUM_CONVERSION = YES;
				CLANG_WARN_INFINITE_RECURSION = YES;
				CLANG_WARN_INT_CONVERSION = YES;
				CLANG_WARN_NON_LITERAL_NULL_CONVERSION = YES;
				CLANG_WARN_OBJC_IMPLICIT_RETAIN_SELF = YES;
				CLANG_WARN_OBJC_LITERAL_CONVERSION = YES;
				CLANG_WARN_OBJC_ROOT_CLASS = YES_ERROR;
				CLANG_WARN_QUOTED_INCLUDE_IN_FRAMEWORK_HEADER = YES;
				CLANG_WARN_RANGE_LOOP_ANALYSIS = YES;
				CLANG_WARN_STRICT_PROTOTYPES = YES;
				CLANG_WARN_SUSPICIOUS_MOVE = YES;
				CLANG_WARN_UNGUARDED_AVAILABILITY = YES_AGGRESSIVE;
				CLANG_WARN_UNREACHABLE_CODE = YES;
				CLANG_WARN__DUPLICATE_METHOD_MATCH = YES;
				COPY_PHASE_STRIP = NO;
				DEBUG_INFORMATION_FORMAT = dwarf;
				ENABLE_STRICT_OBJC_MSGSEND = YES;
				ENABLE_TESTABILITY = YES;
				ENABLE_USER_SCRIPT_SANDBOXING = YES;
				GCC_C_LANGUAGE_STANDARD = gnu17;
				GCC_DYNAMIC_NO_PIC = NO;
				GCC_NO_COMMON_BLOCKS = YES;
				GCC_OPTIMIZATION_LEVEL = 0;
				GCC_PREPROCESSOR_DEFINITIONS = (
					"DEBUG=1",
					"$(inherited)",
				);
				GCC_WARN_64_TO_32_BIT_CONVERSION = YES;
				GCC_WARN_ABOUT_RETURN_TYPE = YES_ERROR;
				GCC_WARN_UNDECLARED_SELECTOR = YES;
				GCC_WARN_UNINITIALIZED_AUTOS = YES_AGGRESSIVE;
				GCC_WARN_UNUSED_FUNCTION = YES;
				GCC_WARN_UNUSED_VARIABLE = YES;
				IPHONEOS_DEPLOYMENT_TARGET = 17.2;
				LOCALIZATION_PREFERS_STRING_CATALOGS = YES;
				MTL_ENABLE_DEBUG_INFO = INCLUDE_SOURCE;
				MTL_FAST_MATH = YES;
				ONLY_ACTIVE_ARCH = YES;
				SDKROOT = iphoneos;
				SWIFT_ACTIVE_COMPILATION_CONDITIONS = "DEBUG $(inherited)";
				SWIFT_OPTIMIZATION_LEVEL = "-Onone";
			};
			name = Debug;
		};
		20DB5E242B7015EA009C10BF /* Release */ = {
			isa = XCBuildConfiguration;
			buildSettings = {
				ALWAYS_SEARCH_USER_PATHS = NO;
				ASSETCATALOG_COMPILER_GENERATE_SWIFT_ASSET_SYMBOL_EXTENSIONS = YES;
				CLANG_ANALYZER_NONNULL = YES;
				CLANG_ANALYZER_NUMBER_OBJECT_CONVERSION = YES_AGGRESSIVE;
				CLANG_CXX_LANGUAGE_STANDARD = "gnu++20";
				CLANG_ENABLE_MODULES = YES;
				CLANG_ENABLE_OBJC_ARC = YES;
				CLANG_ENABLE_OBJC_WEAK = YES;
				CLANG_WARN_BLOCK_CAPTURE_AUTORELEASING = YES;
				CLANG_WARN_BOOL_CONVERSION = YES;
				CLANG_WARN_COMMA = YES;
				CLANG_WARN_CONSTANT_CONVERSION = YES;
				CLANG_WARN_DEPRECATED_OBJC_IMPLEMENTATIONS = YES;
				CLANG_WARN_DIRECT_OBJC_ISA_USAGE = YES_ERROR;
				CLANG_WARN_DOCUMENTATION_COMMENTS = YES;
				CLANG_WARN_EMPTY_BODY = YES;
				CLANG_WARN_ENUM_CONVERSION = YES;
				CLANG_WARN_INFINITE_RECURSION = YES;
				CLANG_WARN_INT_CONVERSION = YES;
				CLANG_WARN_NON_LITERAL_NULL_CONVERSION = YES;
				CLANG_WARN_OBJC_IMPLICIT_RETAIN_SELF = YES;
				CLANG_WARN_OBJC_LITERAL_CONVERSION = YES;
				CLANG_WARN_OBJC_ROOT_CLASS = YES_ERROR;
				CLANG_WARN_QUOTED_INCLUDE_IN_FRAMEWORK_HEADER = YES;
				CLANG_WARN_RANGE_LOOP_ANALYSIS = YES;
				CLANG_WARN_STRICT_PROTOTYPES = YES;
				CLANG_WARN_SUSPICIOUS_MOVE = YES;
				CLANG_WARN_UNGUARDED_AVAILABILITY = YES_AGGRESSIVE;
				CLANG_WARN_UNREACHABLE_CODE = YES;
				CLANG_WARN__DUPLICATE_METHOD_MATCH = YES;
				COPY_PHASE_STRIP = NO;
				DEBUG_INFORMATION_FORMAT = "dwarf-with-dsym";
				ENABLE_NS_ASSERTIONS = NO;
				ENABLE_STRICT_OBJC_MSGSEND = YES;
				ENABLE_USER_SCRIPT_SANDBOXING = YES;
				GCC_C_LANGUAGE_STANDARD = gnu17;
				GCC_NO_COMMON_BLOCKS = YES;
				GCC_WARN_64_TO_32_BIT_CONVERSION = YES;
				GCC_WARN_ABOUT_RETURN_TYPE = YES_ERROR;
				GCC_WARN_UNDECLARED_SELECTOR = YES;
				GCC_WARN_UNINITIALIZED_AUTOS = YES_AGGRESSIVE;
				GCC_WARN_UNUSED_FUNCTION = YES;
				GCC_WARN_UNUSED_VARIABLE = YES;
				IPHONEOS_DEPLOYMENT_TARGET = 17.2;
				LOCALIZATION_PREFERS_STRING_CATALOGS = YES;
				MTL_ENABLE_DEBUG_INFO = NO;
				MTL_FAST_MATH = YES;
				SDKROOT = iphoneos;
				SWIFT_COMPILATION_MODE = wholemodule;
				VALIDATE_PRODUCT = YES;
			};
			name = Release;
		};
		20DB5E262B7015EA009C10BF /* Debug */ = {
			isa = XCBuildConfiguration;
			buildSettings = {
				ASSETCATALOG_COMPILER_APPICON_NAME = AppIcon;
				ASSETCATALOG_COMPILER_GLOBAL_ACCENT_COLOR_NAME = AccentColor;
				CODE_SIGN_STYLE = Automatic;
				CURRENT_PROJECT_VERSION = 1;
				DEVELOPMENT_TEAM = W2P9X4349P;
				GENERATE_INFOPLIST_FILE = YES;
				INFOPLIST_FILE = SevenWindsStudio/Info.plist;
				INFOPLIST_KEY_UIApplicationSupportsIndirectInputEvents = YES;
				INFOPLIST_KEY_UILaunchStoryboardName = LaunchScreen;
				INFOPLIST_KEY_UISupportedInterfaceOrientations_iPad = "UIInterfaceOrientationPortrait UIInterfaceOrientationPortraitUpsideDown UIInterfaceOrientationLandscapeLeft UIInterfaceOrientationLandscapeRight";
				INFOPLIST_KEY_UISupportedInterfaceOrientations_iPhone = "UIInterfaceOrientationPortrait UIInterfaceOrientationLandscapeLeft UIInterfaceOrientationLandscapeRight";
				LD_RUNPATH_SEARCH_PATHS = (
					"$(inherited)",
					"@executable_path/Frameworks",
				);
				MARKETING_VERSION = 1.0;
				PRODUCT_BUNDLE_IDENTIFIER = "grinkonikolka-yandex.ru.SevenWindsStudio";
				PRODUCT_NAME = "$(TARGET_NAME)";
				SWIFT_EMIT_LOC_STRINGS = YES;
				SWIFT_VERSION = 5.0;
				TARGETED_DEVICE_FAMILY = "1,2";
			};
			name = Debug;
		};
		20DB5E272B7015EA009C10BF /* Release */ = {
			isa = XCBuildConfiguration;
			buildSettings = {
				ASSETCATALOG_COMPILER_APPICON_NAME = AppIcon;
				ASSETCATALOG_COMPILER_GLOBAL_ACCENT_COLOR_NAME = AccentColor;
				CODE_SIGN_STYLE = Automatic;
				CURRENT_PROJECT_VERSION = 1;
				DEVELOPMENT_TEAM = W2P9X4349P;
				GENERATE_INFOPLIST_FILE = YES;
				INFOPLIST_FILE = SevenWindsStudio/Info.plist;
				INFOPLIST_KEY_UIApplicationSupportsIndirectInputEvents = YES;
				INFOPLIST_KEY_UILaunchStoryboardName = LaunchScreen;
				INFOPLIST_KEY_UISupportedInterfaceOrientations_iPad = "UIInterfaceOrientationPortrait UIInterfaceOrientationPortraitUpsideDown UIInterfaceOrientationLandscapeLeft UIInterfaceOrientationLandscapeRight";
				INFOPLIST_KEY_UISupportedInterfaceOrientations_iPhone = "UIInterfaceOrientationPortrait UIInterfaceOrientationLandscapeLeft UIInterfaceOrientationLandscapeRight";
				LD_RUNPATH_SEARCH_PATHS = (
					"$(inherited)",
					"@executable_path/Frameworks",
				);
				MARKETING_VERSION = 1.0;
				PRODUCT_BUNDLE_IDENTIFIER = "grinkonikolka-yandex.ru.SevenWindsStudio";
				PRODUCT_NAME = "$(TARGET_NAME)";
				SWIFT_EMIT_LOC_STRINGS = YES;
				SWIFT_VERSION = 5.0;
				TARGETED_DEVICE_FAMILY = "1,2";
			};
			name = Release;
		};
/* End XCBuildConfiguration section */

/* Begin XCConfigurationList section */
		20DB5E0C2B7015E8009C10BF /* Build configuration list for PBXProject "SevenWindsStudio" */ = {
			isa = XCConfigurationList;
			buildConfigurations = (
				20DB5E232B7015EA009C10BF /* Debug */,
				20DB5E242B7015EA009C10BF /* Release */,
			);
			defaultConfigurationIsVisible = 0;
			defaultConfigurationName = Release;
		};
		20DB5E252B7015EA009C10BF /* Build configuration list for PBXNativeTarget "SevenWindsStudio" */ = {
			isa = XCConfigurationList;
			buildConfigurations = (
				20DB5E262B7015EA009C10BF /* Debug */,
				20DB5E272B7015EA009C10BF /* Release */,
			);
			defaultConfigurationIsVisible = 0;
			defaultConfigurationName = Release;
		};
/* End XCConfigurationList section */

/* Begin XCRemoteSwiftPackageReference section */
		205E0B8A2B7653D600C1474A /* XCRemoteSwiftPackageReference "SnapKit" */ = {
			isa = XCRemoteSwiftPackageReference;
			repositoryURL = "https://github.com/SnapKit/SnapKit.git";
			requirement = {
				kind = upToNextMajorVersion;
				minimumVersion = 5.7.0;
			};
		};
/* End XCRemoteSwiftPackageReference section */

/* Begin XCSwiftPackageProductDependency section */
		205E0B8B2B7653D600C1474A /* SnapKit */ = {
			isa = XCSwiftPackageProductDependency;
			package = 205E0B8A2B7653D600C1474A /* XCRemoteSwiftPackageReference "SnapKit" */;
			productName = SnapKit;
		};
		205E0B8D2B7653D600C1474A /* SnapKit-Dynamic */ = {
			isa = XCSwiftPackageProductDependency;
			package = 205E0B8A2B7653D600C1474A /* XCRemoteSwiftPackageReference "SnapKit" */;
			productName = "SnapKit-Dynamic";
		};
/* End XCSwiftPackageProductDependency section */
	};
	rootObject = 20DB5E092B7015E8009C10BF /* Project object */;
}
